{
  "requires": true,
  "lockfileVersion": 1,
  "dependencies": {
    "@progress/kendo-angular-grid": {
      "version": "3.12.0",
      "resolved": "https://registry.npmjs.org/@progress/kendo-angular-grid/-/kendo-angular-grid-3.12.0.tgz",
      "integrity": "sha512-xBjHQU8yNTpoL4ke/cFFdtrampgf+TogWxiPx3zLCn9FQq2qBVjqFYtlqhgduB4bLSyuJWwAZz2kGtg30ninbw==",
      "requires": {
        "@progress/kendo-angular-pdf-export": "^1.0.0",
        "@progress/kendo-angular-resize-sensor": "^3.1.2",
        "@progress/kendo-file-saver": "^1.0.0",
        "@progress/kendo-schematics": "^0.2.1",
        "@telerik/kendo-draggable": "^1.9.0",
        "tslib": "^1.7.0"
      }
    },
    "@progress/kendo-angular-pdf-export": {
      "version": "1.2.0",
      "resolved": "https://registry.npmjs.org/@progress/kendo-angular-pdf-export/-/kendo-angular-pdf-export-1.2.0.tgz",
      "integrity": "sha512-ZQrlHsPr4ePzcauLRbnWvKuAssla1RGIISLfIqWpQ44Yf2xMwsnHEUaTS4d+g4/Y5a1cnYIuVElpTcViTTpSVw==",
      "requires": {
        "@progress/kendo-file-saver": "^1.0.1",
        "@progress/kendo-schematics": "^0.2.0",
        "tslib": "^1.7.0"
      }
    },
    "@progress/kendo-angular-resize-sensor": {
      "version": "3.1.2",
      "resolved": "https://registry.npmjs.org/@progress/kendo-angular-resize-sensor/-/kendo-angular-resize-sensor-3.1.2.tgz",
      "integrity": "sha512-Wf9HS6zSGGo19dJBYin6PGYs87pqqpgFjDHKSCj+qZqAQRcnTHfGZMz1JvRNOZIVyS7mUFIbRZxP486e9vvTSA==",
      "requires": {
        "tslib": "^1.7.0"
      }
    },
    "@progress/kendo-file-saver": {
      "version": "1.0.7",
      "resolved": "https://registry.npmjs.org/@progress/kendo-file-saver/-/kendo-file-saver-1.0.7.tgz",
      "integrity": "sha512-8tsho/+DATzfTW4BBaHrkF3C3jqH2/bQ+XbjqA0KfmTiBRVK6ygK+tkvkYeDhFlQBbJ02MmJlEC6OmXvXRFkUg=="
    },
    "@progress/kendo-schematics": {
      "version": "0.2.5",
      "resolved": "https://registry.npmjs.org/@progress/kendo-schematics/-/kendo-schematics-0.2.5.tgz",
      "integrity": "sha512-F9ZXPhDoHGQ5MIUTGn7NkEgX5RV6eBfLVtv0yOCKxZpTF6VkYWAnKFYhQFCFgHJsDGPMZtcT2hB1MHntIYIipA=="
    },
    "@telerik/kendo-draggable": {
      "version": "1.9.0",
      "resolved": "https://registry.npmjs.org/@telerik/kendo-draggable/-/kendo-draggable-1.9.0.tgz",
      "integrity": "sha512-B5zi4iLQdaSvpF0dFi1/u8Ej037nTsqTkW+FaZxyhCawfR+b1d8OSw9nQZtSeFW7VYvHwElPKCYXgV50NLMzrA=="
    },
    "tslib": {
      "version": "1.9.3",
      "resolved": "https://registry.npmjs.org/tslib/-/tslib-1.9.3.tgz",
      "integrity": "sha512-4krF8scpejhaOgqzBEcGM7yDIEfi0/8+8zDRZhNZZ2kjmHJ4hv3zCbQWxoJGz1iw5U0Jl0nma13xzHXcncMavQ=="
    }
  }
}
